
Microsoft Visual Studio Solution File, Format Version 12.00
# Visual Studio Version 17
VisualStudioVersion = 17.13.36105.23 d17.13
MinimumVisualStudioVersion = 10.0.40219.1
Project("{2150E333-8FDC-42A3-9474-1A3956D46DE8}") = "Src", "Src", "{02EA681E-C7D8-13C7-8484-4AC65E1B71E8}"
EndProject
Project("{2150E333-8FDC-42A3-9474-1A3956D46DE8}") = "Api", "Api", "{76C52A5F-E7AB-49A0-9212-8E3440D96953}"
EndProject
Project("{2150E333-8FDC-42A3-9474-1A3956D46DE8}") = "Core", "Core", "{D45F4CAC-9028-4ED4-BC30-D2D86D40599D}"
EndProject
Project("{2150E333-8FDC-42A3-9474-1A3956D46DE8}") = "Infra", "Infra", "{F061DF5F-62A2-46C4-9829-F40128233262}"
EndProject
Project("{FAE04EC0-301F-11D3-BF4B-00C04F79EFBC}") = "SYSRENT.API", "SYSRENT.API\SYSRENT.API.csproj", "{8473F056-99B1-4D86-850F-9D50BA2059D9}"
EndProject
Project("{FAE04EC0-301F-11D3-BF4B-00C04F79EFBC}") = "SYSRENT.Application", "SYSRENT.Application\SYSRENT.Application.csproj", "{84A45569-75F0-4B03-8D93-5EBFDE5E81F0}"
EndProject
Project("{FAE04EC0-301F-11D3-BF4B-00C04F79EFBC}") = "SYSRENT.Domain", "SYSRENT.Domain\SYSRENT.Domain.csproj", "{91B9CCDB-B01A-4B61-9C53-CD31FDECD0F2}"
EndProject
Project("{FAE04EC0-301F-11D3-BF4B-00C04F79EFBC}") = "SYSRENT.Infrastructure", "SYSRENT.Infrastructure\SYSRENT.Infrastructure.csproj", "{45734C4F-D98E-4611-822D-6E2FF3AC890D}"
EndProject
Global
	GlobalSection(SolutionConfigurationPlatforms) = preSolution
		Debug|Any CPU = Debug|Any CPU
		Release|Any CPU = Release|Any CPU
	EndGlobalSection
	GlobalSection(ProjectConfigurationPlatforms) = postSolution
		{8473F056-99B1-4D86-850F-9D50BA2059D9}.Debug|Any CPU.ActiveCfg = Debug|Any CPU
		{8473F056-99B1-4D86-850F-9D50BA2059D9}.Debug|Any CPU.Build.0 = Debug|Any CPU
		{8473F056-99B1-4D86-850F-9D50BA2059D9}.Release|Any CPU.ActiveCfg = Release|Any CPU
		{8473F056-99B1-4D86-850F-9D50BA2059D9}.Release|Any CPU.Build.0 = Release|Any CPU
		{84A45569-75F0-4B03-8D93-5EBFDE5E81F0}.Debug|Any CPU.ActiveCfg = Debug|Any CPU
		{84A45569-75F0-4B03-8D93-5EBFDE5E81F0}.Debug|Any CPU.Build.0 = Debug|Any CPU
		{84A45569-75F0-4B03-8D93-5EBFDE5E81F0}.Release|Any CPU.ActiveCfg = Release|Any CPU
		{84A45569-75F0-4B03-8D93-5EBFDE5E81F0}.Release|Any CPU.Build.0 = Release|Any CPU
		{91B9CCDB-B01A-4B61-9C53-CD31FDECD0F2}.Debug|Any CPU.ActiveCfg = Debug|Any CPU
		{91B9CCDB-B01A-4B61-9C53-CD31FDECD0F2}.Debug|Any CPU.Build.0 = Debug|Any CPU
		{91B9CCDB-B01A-4B61-9C53-CD31FDECD0F2}.Release|Any CPU.ActiveCfg = Release|Any CPU
		{91B9CCDB-B01A-4B61-9C53-CD31FDECD0F2}.Release|Any CPU.Build.0 = Release|Any CPU
		{45734C4F-D98E-4611-822D-6E2FF3AC890D}.Debug|Any CPU.ActiveCfg = Debug|Any CPU
		{45734C4F-D98E-4611-822D-6E2FF3AC890D}.Debug|Any CPU.Build.0 = Debug|Any CPU
		{45734C4F-D98E-4611-822D-6E2FF3AC890D}.Release|Any CPU.ActiveCfg = Release|Any CPU
		{45734C4F-D98E-4611-822D-6E2FF3AC890D}.Release|Any CPU.Build.0 = Release|Any CPU
	EndGlobalSection
	GlobalSection(SolutionProperties) = preSolution
		HideSolutionNode = FALSE
	EndGlobalSection
	GlobalSection(NestedProjects) = preSolution
		{76C52A5F-E7AB-49A0-9212-8E3440D96953} = {02EA681E-C7D8-13C7-8484-4AC65E1B71E8}
		{D45F4CAC-9028-4ED4-BC30-D2D86D40599D} = {02EA681E-C7D8-13C7-8484-4AC65E1B71E8}
		{F061DF5F-62A2-46C4-9829-F40128233262} = {02EA681E-C7D8-13C7-8484-4AC65E1B71E8}
		{8473F056-99B1-4D86-850F-9D50BA2059D9} = {76C52A5F-E7AB-49A0-9212-8E3440D96953}
		{84A45569-75F0-4B03-8D93-5EBFDE5E81F0} = {D45F4CAC-9028-4ED4-BC30-D2D86D40599D}
		{91B9CCDB-B01A-4B61-9C53-CD31FDECD0F2} = {D45F4CAC-9028-4ED4-BC30-D2D86D40599D}
		{45734C4F-D98E-4611-822D-6E2FF3AC890D} = {F061DF5F-62A2-46C4-9829-F40128233262}
	EndGlobalSection
	GlobalSection(ExtensibilityGlobals) = postSolution
		SolutionGuid = {8FD028EC-DCF2-409C-8A92-0DBE495D94DE}
	EndGlobalSection
EndGlobal
